
Microsoft Visual Studio Solution File, Format Version 12.00
# Visual Studio 15
VisualStudioVersion = 15.0.26124.0
MinimumVisualStudioVersion = 15.0.26124.0
Project("{2150E333-8FDC-42A3-9474-1A3956D46DE8}") = "Teste", "Teste", "{D0E4F9E4-9C57-4CE4-96DF-1E3959B679D1}"
EndProject
Project("{FAE04EC0-301F-11D3-BF4B-00C04F79EFBC}") = "SimpleApi.Test", "Teste\SimpleApi.Test\SimpleApi.Test.csproj", "{B9722119-AEBD-4631-8D06-053A43BFD161}"
EndProject
Project("{2150E333-8FDC-42A3-9474-1A3956D46DE8}") = "src", "src", "{96FF612A-86BD-4846-ADE5-8E48B3CCCC97}"
EndProject
Project("{FAE04EC0-301F-11D3-BF4B-00C04F79EFBC}") = "SimpleApi", "src\SimpleApi\SimpleApi.csproj", "{3F90A508-2EEC-4B6A-ABF1-C7AE879EDEDB}"
EndProject
Global
	GlobalSection(SolutionConfigurationPlatforms) = preSolution
		Debug|Any CPU = Debug|Any CPU
		Debug|x64 = Debug|x64
		Debug|x86 = Debug|x86
		Release|Any CPU = Release|Any CPU
		Release|x64 = Release|x64
		Release|x86 = Release|x86
	EndGlobalSection
	GlobalSection(SolutionProperties) = preSolution
		HideSolutionNode = FALSE
	EndGlobalSection
	GlobalSection(ProjectConfigurationPlatforms) = postSolution
		{B9722119-AEBD-4631-8D06-053A43BFD161}.Debug|Any CPU.ActiveCfg = Debug|Any CPU
		{B9722119-AEBD-4631-8D06-053A43BFD161}.Debug|Any CPU.Build.0 = Debug|Any CPU
		{B9722119-AEBD-4631-8D06-053A43BFD161}.Debug|x64.ActiveCfg = Debug|Any CPU
		{B9722119-AEBD-4631-8D06-053A43BFD161}.Debug|x64.Build.0 = Debug|Any CPU
		{B9722119-AEBD-4631-8D06-053A43BFD161}.Debug|x86.ActiveCfg = Debug|Any CPU
		{B9722119-AEBD-4631-8D06-053A43BFD161}.Debug|x86.Build.0 = Debug|Any CPU
		{B9722119-AEBD-4631-8D06-053A43BFD161}.Release|Any CPU.ActiveCfg = Release|Any CPU
		{B9722119-AEBD-4631-8D06-053A43BFD161}.Release|Any CPU.Build.0 = Release|Any CPU
		{B9722119-AEBD-4631-8D06-053A43BFD161}.Release|x64.ActiveCfg = Release|Any CPU
		{B9722119-AEBD-4631-8D06-053A43BFD161}.Release|x64.Build.0 = Release|Any CPU
		{B9722119-AEBD-4631-8D06-053A43BFD161}.Release|x86.ActiveCfg = Release|Any CPU
		{B9722119-AEBD-4631-8D06-053A43BFD161}.Release|x86.Build.0 = Release|Any CPU
		{3F90A508-2EEC-4B6A-ABF1-C7AE879EDEDB}.Debug|Any CPU.ActiveCfg = Debug|Any CPU
		{3F90A508-2EEC-4B6A-ABF1-C7AE879EDEDB}.Debug|Any CPU.Build.0 = Debug|Any CPU
		{3F90A508-2EEC-4B6A-ABF1-C7AE879EDEDB}.Debug|x64.ActiveCfg = Debug|Any CPU
		{3F90A508-2EEC-4B6A-ABF1-C7AE879EDEDB}.Debug|x64.Build.0 = Debug|Any CPU
		{3F90A508-2EEC-4B6A-ABF1-C7AE879EDEDB}.Debug|x86.ActiveCfg = Debug|Any CPU
		{3F90A508-2EEC-4B6A-ABF1-C7AE879EDEDB}.Debug|x86.Build.0 = Debug|Any CPU
		{3F90A508-2EEC-4B6A-ABF1-C7AE879EDEDB}.Release|Any CPU.ActiveCfg = Release|Any CPU
		{3F90A508-2EEC-4B6A-ABF1-C7AE879EDEDB}.Release|Any CPU.Build.0 = Release|Any CPU
		{3F90A508-2EEC-4B6A-ABF1-C7AE879EDEDB}.Release|x64.ActiveCfg = Release|Any CPU
		{3F90A508-2EEC-4B6A-ABF1-C7AE879EDEDB}.Release|x64.Build.0 = Release|Any CPU
		{3F90A508-2EEC-4B6A-ABF1-C7AE879EDEDB}.Release|x86.ActiveCfg = Release|Any CPU
		{3F90A508-2EEC-4B6A-ABF1-C7AE879EDEDB}.Release|x86.Build.0 = Release|Any CPU
	EndGlobalSection
	GlobalSection(NestedProjects) = preSolution
		{B9722119-AEBD-4631-8D06-053A43BFD161} = {D0E4F9E4-9C57-4CE4-96DF-1E3959B679D1}
		{3F90A508-2EEC-4B6A-ABF1-C7AE879EDEDB} = {96FF612A-86BD-4846-ADE5-8E48B3CCCC97}
	EndGlobalSection
EndGlobal
